
Microsoft Visual Studio Solution File, Format Version 12.00
# Visual Studio Version 16
VisualStudioVersion = 16.0.29728.190
MinimumVisualStudioVersion = 10.0.40219.1
Project("{FAE04EC0-301F-11D3-BF4B-00C04F79EFBC}") = "CSharpCollections", "CSharpCollections.csproj", "{309F6633-0304-4F78-9150-3E00C344850D}"
EndProject
Global
	GlobalSection(SolutionConfigurationPlatforms) = preSolution
		Debug|Any CPU = Debug|Any CPU
		Release|Any CPU = Release|Any CPU
	EndGlobalSection
	GlobalSection(ProjectConfigurationPlatforms) = postSolution
		{309F6633-0304-4F78-9150-3E00C344850D}.Debug|Any CPU.ActiveCfg = Debug|Any CPU
		{309F6633-0304-4F78-9150-3E00C344850D}.Debug|Any CPU.Build.0 = Debug|Any CPU
		{309F6633-0304-4F78-9150-3E00C344850D}.Release|Any CPU.ActiveCfg = Release|Any CPU
		{309F6633-0304-4F78-9150-3E00C344850D}.Release|Any CPU.Build.0 = Release|Any CPU
	EndGlobalSection
	GlobalSection(SolutionProperties) = preSolution
		HideSolutionNode = FALSE
	EndGlobalSection
	GlobalSection(ExtensibilityGlobals) = postSolution
		SolutionGuid = {68E038C4-2DEA-4F39-AB50-4B5162C96922}
	EndGlobalSection
EndGlobal
